<?xml version="1.0" encoding="utf-8"?>
<Project ToolsVersion="4.0" xmlns="http://schemas.microsoft.com/developer/msbuild/2003">
  <ItemGroup>
    <Filter Include="Source Files">
      <UniqueIdentifier>{4FC737F1-C7A5-4376-A066-2A32D752A2FF}</UniqueIdentifier>
      <Extensions>cpp;c;cc;cxx;def;odl;idl;hpj;bat;asm;asmx</Extensions>
    </Filter>
    <Filter Include="Header Files">
      <UniqueIdentifier>{93995380-89BD-4b04-88EB-625FBE52EBFB}</UniqueIdentifier>
      <Extensions>h;hh;hpp;hxx;hm;inl;inc;ipp;xsd</Extensions>
    </Filter>
    <Filter Include="Resource Files">
      <UniqueIdentifier>{67DA6AB6-F800-4c08-8B7A-83BB121AAD01}</UniqueIdentifier>
      <Extensions>rc;ico;cur;bmp;dlg;rc2;rct;bin;rgs;gif;jpg;jpeg;jpe;resx;tiff;tif;png;wav;mfcribbon-ms</Extensions>
    </Filter>
    <Filter Include="Header Files\array">
      <UniqueIdentifier>{f0330d3c-e264-48cd-b6c9-fc274edd0f97}</UniqueIdentifier>
    </Filter>
    <Filter Include="Header Files\list">
      <UniqueIdentifier>{a6bc9ac7-e8f3-40e9-bd78-492598a9192a}</UniqueIdentifier>
    </Filter>
    <Filter Include="Header Files\vector">
      <UniqueIdentifier>{ece10cd6-bd00-4967-97cf-30e5ea7e96f0}</UniqueIdentifier>
    </Filter>
    <Filter Include="Header Files\priority_queue">
      <UniqueIdentifier>{e98182be-5810-4a66-8eed-94e7c9783b8b}</UniqueIdentifier>
    </Filter>
    <Filter Include="Header Files\matica">
      <UniqueIdentifier>{9fbfbc99-cb6b-483d-ba49-d882bfd17fc2}</UniqueIdentifier>
    </Filter>
    <Filter Include="Header Files\gui">
      <UniqueIdentifier>{801f699a-bd6d-4fb1-ae9f-77bebafd5005}</UniqueIdentifier>
    </Filter>
  </ItemGroup>
  <ItemGroup>
    <ClCompile Include="main.cpp">
      <Filter>Source Files</Filter>
    </ClCompile>
    <ClCompile Include="structures\ds_routines.cpp">
      <Filter>Source Files</Filter>
    </ClCompile>
    <ClCompile Include="structures\memory_routines.cpp">
      <Filter>Source Files</Filter>
    </ClCompile>
    <ClCompile Include="structures\structure.cpp">
      <Filter>Source Files</Filter>
    </ClCompile>
    <ClCompile Include="structures\vector\vector.cpp">
      <Filter>Header Files\vector</Filter>
    </ClCompile>
  </ItemGroup>
  <ItemGroup>
    <ClInclude Include="structures\ds_routines.h">
      <Filter>Header Files</Filter>
    </ClInclude>
    <ClInclude Include="structures\ds_structure_types.h">
      <Filter>Header Files</Filter>
    </ClInclude>
    <ClInclude Include="structures\heap_monitor.h">
      <Filter>Header Files</Filter>
    </ClInclude>
    <ClInclude Include="structures\structure.h">
      <Filter>Header Files</Filter>
    </ClInclude>
    <ClInclude Include="structures\structure_iterator.h">
      <Filter>Header Files</Filter>
    </ClInclude>
    <ClInclude Include="structures\array\array.h">
      <Filter>Header Files\array</Filter>
    </ClInclude>
    <ClInclude Include="structures\list\array_list.h">
      <Filter>Header Files\list</Filter>
    </ClInclude>
    <ClInclude Include="structures\list\linked_list.h">
      <Filter>Header Files\list</Filter>
    </ClInclude>
    <ClInclude Include="structures\list\list.h">
      <Filter>Header Files\list</Filter>
    </ClInclude>
    <ClInclude Include="structures\vector\vector.h">
      <Filter>Header Files\vector</Filter>
    </ClInclude>
    <ClInclude Include="structures\priority_queue\priority_queue.h">
      <Filter>Header Files\priority_queue</Filter>
    </ClInclude>
    <ClInclude Include="structures\priority_queue\priority_queue_limited_sorted_array_list.h">
      <Filter>Header Files\priority_queue</Filter>
    </ClInclude>
    <ClInclude Include="structures\priority_queue\priority_queue_linked_list.h">
      <Filter>Header Files\priority_queue</Filter>
    </ClInclude>
    <ClInclude Include="structures\priority_queue\priority_queue_list.h">
      <Filter>Header Files\priority_queue</Filter>
    </ClInclude>
    <ClInclude Include="structures\priority_queue\priority_queue_sorted_array_list.h">
      <Filter>Header Files\priority_queue</Filter>
    </ClInclude>
    <ClInclude Include="structures\priority_queue\priority_queue_two_lists.h">
      <Filter>Header Files\priority_queue</Filter>
    </ClInclude>
    <ClInclude Include="structures\priority_queue\heap.h">
      <Filter>Header Files\priority_queue</Filter>
    </ClInclude>
    <ClInclude Include="structures\memory_routines.h">
      <Filter>Header Files</Filter>
    </ClInclude>
    <ClInclude Include="matica_suvisla.h">
      <Filter>Header Files\matica</Filter>
    </ClInclude>
    <ClInclude Include="matica_nesuvisla.h">
      <Filter>Header Files\matica</Filter>
    </ClInclude>
    <ClInclude Include="matica.h">
      <Filter>Header Files\matica</Filter>
    </ClInclude>
    <ClInclude Include="gui.h">
      <Filter>Header Files\gui</Filter>
    </ClInclude>
    <ClInclude Include="TestListov.h">
      <Filter>Header Files\list</Filter>
    </ClInclude>
    <ClInclude Include="TestPrioritnychFrontov.h">
      <Filter>Header Files\priority_queue</Filter>
    </ClInclude>
    <ClInclude Include="TestMatic.h">
      <Filter>Header Files\matica</Filter>
    </ClInclude>
    <ClInclude Include="VytvaracMatic.h">
      <Filter>Header Files\matica</Filter>
    </ClInclude>
    <ClInclude Include="VytvaracSuvislychMatic.h">
      <Filter>Header Files\matica</Filter>
    </ClInclude>
    <ClInclude Include="VytvaracNesuvislychMatic.h">
      <Filter>Header Files\matica</Filter>
    </ClInclude>
    <ClInclude Include="doubly_circular_linked_list.h">
      <Filter>Header Files\list</Filter>
    </ClInclude>
  </ItemGroup>
  <ItemGroup>
    <None Include="ClassDiagram.cd" />
    <None Include="ClassDiagram1.cd" />
    <None Include="ClassDiagram2.cd" />
    <None Include="ClassDiagram3.cd" />
  </ItemGroup>
  <ItemGroup>
    <Natvis Include="aus.natvis" />
  </ItemGroup>
</Project>